GEM
  remote: https://rubygems.org/
  specs:
    kramdown (2.5.2)
      rexml (>= 3.4.4)
    kramdown-parser-gfm (1.1.0)
      kramdown (~> 2.0)
    rexml (3.4.4)
    rouge (4.7.0)

PLATFORMS
  ruby
  x86_64-linux

DEPENDENCIES
  kramdown (~> 2.4)
  kramdown-parser-gfm (~> 1.1)
  rouge (~> 4.2)

CHECKSUMS
  bundler (4.0.12) sha256=7f8b757d28dfb636e7b24fba2344ac6dd13b5b24f4b46d62573d483f211825ac
  kramdown (2.5.2) sha256=1ba542204c66b6f9111ff00dcc26075b95b220b07f2905d8261740c82f7f02fa
  kramdown-parser-gfm (1.1.0) sha256=fb39745516427d2988543bf01fc4cf0ab1149476382393e0e9c48592f6581729
  rexml (3.4.4) sha256=19e0a2c3425dfbf2d4fc1189747bdb2f849b6c5e74180401b15734bc97b5d142
  rouge (4.7.0) sha256=dba5896715c0325c362e895460a6d350803dbf6427454f49a47500f3193ea739

BUNDLED WITH
  4.0.12
